// !$*UTF8*$!
{
	archiveVersion = 1;
	classes = {
	};
	objectVersion = 46;
	objects = {

/* Begin PBXBuildFile section */
		C85A6EE316BE9BA300EAFAE4 /* NervBackground1.png in Resources */ = {isa = PBXBuildFile; fileRef = C85A6EE216BE9BA300EAFAE4 /* NervBackground1.png */; };
		C85A6EE516BE9CEA00EAFAE4 /* NervBackground2.png in Resources */ = {isa = PBXBuildFile; fileRef = C85A6EE416BE9CEA00EAFAE4 /* NervBackground2.png */; };
		C861B67A16C46D9200F29A44 /* LBNTweetView.m in Sources */ = {isa = PBXBuildFile; fileRef = C861B67916C46D9200F29A44 /* LBNTweetView.m */; };
		C87E91F716B6E633001D4295 /* Social.framework in Frameworks */ = {isa = PBXBuildFile; fileRef = C87E91F616B6E633001D4295 /* Social.framework */; };
		C87E91FA16B6EDD8001D4295 /* LBNTwitterClient.m in Sources */ = {isa = PBXBuildFile; fileRef = C87E91F916B6EDD8001D4295 /* LBNTwitterClient.m */; };
		C88626A316B49D0200C659CA /* UIKit.framework in Frameworks */ = {isa = PBXBuildFile; fileRef = C88626A216B49D0200C659CA /* UIKit.framework */; };
		C88626A516B49D0200C659CA /* Foundation.framework in Frameworks */ = {isa = PBXBuildFile; fileRef = C88626A416B49D0200C659CA /* Foundation.framework */; };
		C88626A716B49D0200C659CA /* CoreGraphics.framework in Frameworks */ = {isa = PBXBuildFile; fileRef = C88626A616B49D0200C659CA /* CoreGraphics.framework */; };
		C88626AD16B49D0200C659CA /* InfoPlist.strings in Resources */ = {isa = PBXBuildFile; fileRef = C88626AB16B49D0200C659CA /* InfoPlist.strings */; };
		C88626AF16B49D0200C659CA /* main.m in Sources */ = {isa = PBXBuildFile; fileRef = C88626AE16B49D0200C659CA /* main.m */; };
		C88626B316B49D0200C659CA /* LBNAppDelegate.m in Sources */ = {isa = PBXBuildFile; fileRef = C88626B216B49D0200C659CA /* LBNAppDelegate.m */; };
		C88626B516B49D0200C659CA /* Default.png in Resources */ = {isa = PBXBuildFile; fileRef = C88626B416B49D0200C659CA /* Default.png */; };
		C88626B716B49D0200C659CA /* Default@2x.png in Resources */ = {isa = PBXBuildFile; fileRef = C88626B616B49D0200C659CA /* Default@2x.png */; };
		C88626B916B49D0200C659CA /* Default-568h@2x.png in Resources */ = {isa = PBXBuildFile; fileRef = C88626B816B49D0200C659CA /* Default-568h@2x.png */; };
		C88626BC16B49D0200C659CA /* MainStoryboard.storyboard in Resources */ = {isa = PBXBuildFile; fileRef = C88626BA16B49D0200C659CA /* MainStoryboard.storyboard */; };
		C88626E716B49E4300C659CA /* AFHTTPClient.m in Sources */ = {isa = PBXBuildFile; fileRef = C88626D316B49E4300C659CA /* AFHTTPClient.m */; settings = {COMPILER_FLAGS = "-fno-objc-arc"; }; };
		C88626E816B49E4300C659CA /* AFHTTPRequestOperation.m in Sources */ = {isa = PBXBuildFile; fileRef = C88626D516B49E4300C659CA /* AFHTTPRequestOperation.m */; settings = {COMPILER_FLAGS = "-fno-objc-arc"; }; };
		C88626E916B49E4300C659CA /* AFImageRequestOperation.m in Sources */ = {isa = PBXBuildFile; fileRef = C88626D716B49E4300C659CA /* AFImageRequestOperation.m */; settings = {COMPILER_FLAGS = "-fno-objc-arc"; }; };
		C88626EA16B49E4300C659CA /* AFJSONRequestOperation.m in Sources */ = {isa = PBXBuildFile; fileRef = C88626D916B49E4300C659CA /* AFJSONRequestOperation.m */; settings = {COMPILER_FLAGS = "-fno-objc-arc"; }; };
		C88626EB16B49E4300C659CA /* AFJSONUtilities.m in Sources */ = {isa = PBXBuildFile; fileRef = C88626DB16B49E4300C659CA /* AFJSONUtilities.m */; settings = {COMPILER_FLAGS = "-fno-objc-arc"; }; };
		C88626EC16B49E4300C659CA /* AFNetworkActivityIndicatorManager.m in Sources */ = {isa = PBXBuildFile; fileRef = C88626DD16B49E4300C659CA /* AFNetworkActivityIndicatorManager.m */; settings = {COMPILER_FLAGS = "-fno-objc-arc"; }; };
		C88626ED16B49E4300C659CA /* AFPropertyListRequestOperation.m in Sources */ = {isa = PBXBuildFile; fileRef = C88626E016B49E4300C659CA /* AFPropertyListRequestOperation.m */; settings = {COMPILER_FLAGS = "-fno-objc-arc"; }; };
		C88626EE16B49E4300C659CA /* AFURLConnectionOperation.m in Sources */ = {isa = PBXBuildFile; fileRef = C88626E216B49E4300C659CA /* AFURLConnectionOperation.m */; settings = {COMPILER_FLAGS = "-fno-objc-arc"; }; };
		C88626EF16B49E4300C659CA /* AFXMLRequestOperation.m in Sources */ = {isa = PBXBuildFile; fileRef = C88626E416B49E4300C659CA /* AFXMLRequestOperation.m */; settings = {COMPILER_FLAGS = "-fno-objc-arc"; }; };
		C88626F016B49E4300C659CA /* UIImageView+AFNetworking.m in Sources */ = {isa = PBXBuildFile; fileRef = C88626E616B49E4300C659CA /* UIImageView+AFNetworking.m */; settings = {COMPILER_FLAGS = "-fno-objc-arc"; }; };
		C88626FB16B4A63900C659CA /* LBNNewsCollectionViewController.m in Sources */ = {isa = PBXBuildFile; fileRef = C88626FA16B4A63900C659CA /* LBNNewsCollectionViewController.m */; };
		C88626FE16B4A69200C659CA /* LBNLargeImageCollectionViewCell.m in Sources */ = {isa = PBXBuildFile; fileRef = C88626FD16B4A69200C659CA /* LBNLargeImageCollectionViewCell.m */; };
		C886270116B4A6BF00C659CA /* LBNLabelCollectionViewCell.m in Sources */ = {isa = PBXBuildFile; fileRef = C886270016B4A6BF00C659CA /* LBNLabelCollectionViewCell.m */; };
		C896452816C1CACA00EE21E9 /* LBNMapAnnotation.m in Sources */ = {isa = PBXBuildFile; fileRef = C896452716C1CACA00EE21E9 /* LBNMapAnnotation.m */; };
		C896452A16C1CE0900EE21E9 /* CoreLocation.framework in Frameworks */ = {isa = PBXBuildFile; fileRef = C896452916C1CE0900EE21E9 /* CoreLocation.framework */; };
		C896452D16C1D4BD00EE21E9 /* LBNNewsDetailViewController.m in Sources */ = {isa = PBXBuildFile; fileRef = C896452C16C1D4BD00EE21E9 /* LBNNewsDetailViewController.m */; };
		C8BBD30316BE8ECD00E6609D /* LBNGraphics.m in Sources */ = {isa = PBXBuildFile; fileRef = C8BBD30216BE8ECD00E6609D /* LBNGraphics.m */; };
		C8D40A2316B776240006DF34 /* MapKit.framework in Frameworks */ = {isa = PBXBuildFile; fileRef = C8D40A2216B776240006DF34 /* MapKit.framework */; };
		C8ECC01816BF152400881CC8 /* LBNMapViewController.m in Sources */ = {isa = PBXBuildFile; fileRef = C8ECC01716BF152400881CC8 /* LBNMapViewController.m */; };
/* End PBXBuildFile section */

/* Begin PBXFileReference section */
		C85A6EE216BE9BA300EAFAE4 /* NervBackground1.png */ = {isa = PBXFileReference; lastKnownFileType = image.png; path = NervBackground1.png; sourceTree = "<group>"; };
		C85A6EE416BE9CEA00EAFAE4 /* NervBackground2.png */ = {isa = PBXFileReference; lastKnownFileType = image.png; path = NervBackground2.png; sourceTree = "<group>"; };
		C861B67816C46D9200F29A44 /* LBNTweetView.h */ = {isa = PBXFileReference; fileEncoding = 4; lastKnownFileType = sourcecode.c.h; path = LBNTweetView.h; sourceTree = "<group>"; };
		C861B67916C46D9200F29A44 /* LBNTweetView.m */ = {isa = PBXFileReference; fileEncoding = 4; lastKnownFileType = sourcecode.c.objc; path = LBNTweetView.m; sourceTree = "<group>"; };
		C87E91F616B6E633001D4295 /* Social.framework */ = {isa = PBXFileReference; lastKnownFileType = wrapper.framework; name = Social.framework; path = System/Library/Frameworks/Social.framework; sourceTree = SDKROOT; };
		C87E91F816B6EDD8001D4295 /* LBNTwitterClient.h */ = {isa = PBXFileReference; fileEncoding = 4; lastKnownFileType = sourcecode.c.h; path = LBNTwitterClient.h; sourceTree = "<group>"; };
		C87E91F916B6EDD8001D4295 /* LBNTwitterClient.m */ = {isa = PBXFileReference; fileEncoding = 4; lastKnownFileType = sourcecode.c.objc; path = LBNTwitterClient.m; sourceTree = "<group>"; };
		C886269E16B49D0200C659CA /* Nerv.app */ = {isa = PBXFileReference; explicitFileType = wrapper.application; includeInIndex = 0; path = Nerv.app; sourceTree = BUILT_PRODUCTS_DIR; };
		C88626A216B49D0200C659CA /* UIKit.framework */ = {isa = PBXFileReference; lastKnownFileType = wrapper.framework; name = UIKit.framework; path = System/Library/Frameworks/UIKit.framework; sourceTree = SDKROOT; };
		C88626A416B49D0200C659CA /* Foundation.framework */ = {isa = PBXFileReference; lastKnownFileType = wrapper.framework; name = Foundation.framework; path = System/Library/Frameworks/Foundation.framework; sourceTree = SDKROOT; };
		C88626A616B49D0200C659CA /* CoreGraphics.framework */ = {isa = PBXFileReference; lastKnownFileType = wrapper.framework; name = CoreGraphics.framework; path = System/Library/Frameworks/CoreGraphics.framework; sourceTree = SDKROOT; };
		C88626AA16B49D0200C659CA /* Nerv-Info.plist */ = {isa = PBXFileReference; lastKnownFileType = text.plist.xml; path = "Nerv-Info.plist"; sourceTree = "<group>"; };
		C88626AC16B49D0200C659CA /* en */ = {isa = PBXFileReference; lastKnownFileType = text.plist.strings; name = en; path = en.lproj/InfoPlist.strings; sourceTree = "<group>"; };
		C88626AE16B49D0200C659CA /* main.m */ = {isa = PBXFileReference; lastKnownFileType = sourcecode.c.objc; path = main.m; sourceTree = "<group>"; };
		C88626B016B49D0200C659CA /* Nerv-Prefix.pch */ = {isa = PBXFileReference; lastKnownFileType = sourcecode.c.h; path = "Nerv-Prefix.pch"; sourceTree = "<group>"; };
		C88626B116B49D0200C659CA /* LBNAppDelegate.h */ = {isa = PBXFileReference; lastKnownFileType = sourcecode.c.h; path = LBNAppDelegate.h; sourceTree = "<group>"; };
		C88626B216B49D0200C659CA /* LBNAppDelegate.m */ = {isa = PBXFileReference; lastKnownFileType = sourcecode.c.objc; path = LBNAppDelegate.m; sourceTree = "<group>"; };
		C88626B416B49D0200C659CA /* Default.png */ = {isa = PBXFileReference; lastKnownFileType = image.png; path = Default.png; sourceTree = "<group>"; };
		C88626B616B49D0200C659CA /* Default@2x.png */ = {isa = PBXFileReference; lastKnownFileType = image.png; path = "Default@2x.png"; sourceTree = "<group>"; };
		C88626B816B49D0200C659CA /* Default-568h@2x.png */ = {isa = PBXFileReference; lastKnownFileType = image.png; path = "Default-568h@2x.png"; sourceTree = "<group>"; };
		C88626BB16B49D0200C659CA /* en */ = {isa = PBXFileReference; lastKnownFileType = file.storyboard; name = en; path = en.lproj/MainStoryboard.storyboard; sourceTree = "<group>"; };
		C88626D216B49E4300C659CA /* AFHTTPClient.h */ = {isa = PBXFileReference; fileEncoding = 4; lastKnownFileType = sourcecode.c.h; path = AFHTTPClient.h; sourceTree = "<group>"; };
		C88626D316B49E4300C659CA /* AFHTTPClient.m */ = {isa = PBXFileReference; fileEncoding = 4; lastKnownFileType = sourcecode.c.objc; path = AFHTTPClient.m; sourceTree = "<group>"; };
		C88626D416B49E4300C659CA /* AFHTTPRequestOperation.h */ = {isa = PBXFileReference; fileEncoding = 4; lastKnownFileType = sourcecode.c.h; path = AFHTTPRequestOperation.h; sourceTree = "<group>"; };
		C88626D516B49E4300C659CA /* AFHTTPRequestOperation.m */ = {isa = PBXFileReference; fileEncoding = 4; lastKnownFileType = sourcecode.c.objc; path = AFHTTPRequestOperation.m; sourceTree = "<group>"; };
		C88626D616B49E4300C659CA /* AFImageRequestOperation.h */ = {isa = PBXFileReference; fileEncoding = 4; lastKnownFileType = sourcecode.c.h; path = AFImageRequestOperation.h; sourceTree = "<group>"; };
		C88626D716B49E4300C659CA /* AFImageRequestOperation.m */ = {isa = PBXFileReference; fileEncoding = 4; lastKnownFileType = sourcecode.c.objc; path = AFImageRequestOperation.m; sourceTree = "<group>"; };
		C88626D816B49E4300C659CA /* AFJSONRequestOperation.h */ = {isa = PBXFileReference; fileEncoding = 4; lastKnownFileType = sourcecode.c.h; path = AFJSONRequestOperation.h; sourceTree = "<group>"; };
		C88626D916B49E4300C659CA /* AFJSONRequestOperation.m */ = {isa = PBXFileReference; fileEncoding = 4; lastKnownFileType = sourcecode.c.objc; path = AFJSONRequestOperation.m; sourceTree = "<group>"; };
		C88626DA16B49E4300C659CA /* AFJSONUtilities.h */ = {isa = PBXFileReference; fileEncoding = 4; lastKnownFileType = sourcecode.c.h; path = AFJSONUtilities.h; sourceTree = "<group>"; };
		C88626DB16B49E4300C659CA /* AFJSONUtilities.m */ = {isa = PBXFileReference; fileEncoding = 4; lastKnownFileType = sourcecode.c.objc; path = AFJSONUtilities.m; sourceTree = "<group>"; };
		C88626DC16B49E4300C659CA /* AFNetworkActivityIndicatorManager.h */ = {isa = PBXFileReference; fileEncoding = 4; lastKnownFileType = sourcecode.c.h; path = AFNetworkActivityIndicatorManager.h; sourceTree = "<group>"; };
		C88626DD16B49E4300C659CA /* AFNetworkActivityIndicatorManager.m */ = {isa = PBXFileReference; fileEncoding = 4; lastKnownFileType = sourcecode.c.objc; path = AFNetworkActivityIndicatorManager.m; sourceTree = "<group>"; };
		C88626DE16B49E4300C659CA /* AFNetworking.h */ = {isa = PBXFileReference; fileEncoding = 4; lastKnownFileType = sourcecode.c.h; path = AFNetworking.h; sourceTree = "<group>"; };
		C88626DF16B49E4300C659CA /* AFPropertyListRequestOperation.h */ = {isa = PBXFileReference; fileEncoding = 4; lastKnownFileType = sourcecode.c.h; path = AFPropertyListRequestOperation.h; sourceTree = "<group>"; };
		C88626E016B49E4300C659CA /* AFPropertyListRequestOperation.m */ = {isa = PBXFileReference; fileEncoding = 4; lastKnownFileType = sourcecode.c.objc; path = AFPropertyListRequestOperation.m; sourceTree = "<group>"; };
		C88626E116B49E4300C659CA /* AFURLConnectionOperation.h */ = {isa = PBXFileReference; fileEncoding = 4; lastKnownFileType = sourcecode.c.h; path = AFURLConnectionOperation.h; sourceTree = "<group>"; };
		C88626E216B49E4300C659CA /* AFURLConnectionOperation.m */ = {isa = PBXFileReference; fileEncoding = 4; lastKnownFileType = sourcecode.c.objc; path = AFURLConnectionOperation.m; sourceTree = "<group>"; };
		C88626E316B49E4300C659CA /* AFXMLRequestOperation.h */ = {isa = PBXFileReference; fileEncoding = 4; lastKnownFileType = sourcecode.c.h; path = AFXMLRequestOperation.h; sourceTree = "<group>"; };
		C88626E416B49E4300C659CA /* AFXMLRequestOperation.m */ = {isa = PBXFileReference; fileEncoding = 4; lastKnownFileType = sourcecode.c.objc; path = AFXMLRequestOperation.m; sourceTree = "<group>"; };
		C88626E516B49E4300C659CA /* UIImageView+AFNetworking.h */ = {isa = PBXFileReference; fileEncoding = 4; lastKnownFileType = sourcecode.c.h; path = "UIImageView+AFNetworking.h"; sourceTree = "<group>"; };
		C88626E616B49E4300C659CA /* UIImageView+AFNetworking.m */ = {isa = PBXFileReference; fileEncoding = 4; lastKnownFileType = sourcecode.c.objc; path = "UIImageView+AFNetworking.m"; sourceTree = "<group>"; };
		C88626F916B4A63900C659CA /* LBNNewsCollectionViewController.h */ = {isa = PBXFileReference; fileEncoding = 4; lastKnownFileType = sourcecode.c.h; path = LBNNewsCollectionViewController.h; sourceTree = "<group>"; };
		C88626FA16B4A63900C659CA /* LBNNewsCollectionViewController.m */ = {isa = PBXFileReference; fileEncoding = 4; lastKnownFileType = sourcecode.c.objc; path = LBNNewsCollectionViewController.m; sourceTree = "<group>"; };
		C88626FC16B4A69200C659CA /* LBNLargeImageCollectionViewCell.h */ = {isa = PBXFileReference; fileEncoding = 4; lastKnownFileType = sourcecode.c.h; path = LBNLargeImageCollectionViewCell.h; sourceTree = "<group>"; };
		C88626FD16B4A69200C659CA /* LBNLargeImageCollectionViewCell.m */ = {isa = PBXFileReference; fileEncoding = 4; lastKnownFileType = sourcecode.c.objc; path = LBNLargeImageCollectionViewCell.m; sourceTree = "<group>"; };
		C88626FF16B4A6BF00C659CA /* LBNLabelCollectionViewCell.h */ = {isa = PBXFileReference; fileEncoding = 4; lastKnownFileType = sourcecode.c.h; path = LBNLabelCollectionViewCell.h; sourceTree = "<group>"; };
		C886270016B4A6BF00C659CA /* LBNLabelCollectionViewCell.m */ = {isa = PBXFileReference; fileEncoding = 4; lastKnownFileType = sourcecode.c.objc; path = LBNLabelCollectionViewCell.m; sourceTree = "<group>"; };
		C896452616C1CACA00EE21E9 /* LBNMapAnnotation.h */ = {isa = PBXFileReference; fileEncoding = 4; lastKnownFileType = sourcecode.c.h; path = LBNMapAnnotation.h; sourceTree = "<group>"; };
		C896452716C1CACA00EE21E9 /* LBNMapAnnotation.m */ = {isa = PBXFileReference; fileEncoding = 4; lastKnownFileType = sourcecode.c.objc; path = LBNMapAnnotation.m; sourceTree = "<group>"; };
		C896452916C1CE0900EE21E9 /* CoreLocation.framework */ = {isa = PBXFileReference; lastKnownFileType = wrapper.framework; name = CoreLocation.framework; path = System/Library/Frameworks/CoreLocation.framework; sourceTree = SDKROOT; };
		C896452B16C1D4BD00EE21E9 /* LBNNewsDetailViewController.h */ = {isa = PBXFileReference; fileEncoding = 4; lastKnownFileType = sourcecode.c.h; path = LBNNewsDetailViewController.h; sourceTree = "<group>"; };
		C896452C16C1D4BD00EE21E9 /* LBNNewsDetailViewController.m */ = {isa = PBXFileReference; fileEncoding = 4; lastKnownFileType = sourcecode.c.objc; path = LBNNewsDetailViewController.m; sourceTree = "<group>"; };
		C8BBD30116BE8ECD00E6609D /* LBNGraphics.h */ = {isa = PBXFileReference; fileEncoding = 4; lastKnownFileType = sourcecode.c.h; path = LBNGraphics.h; sourceTree = "<group>"; };
		C8BBD30216BE8ECD00E6609D /* LBNGraphics.m */ = {isa = PBXFileReference; fileEncoding = 4; lastKnownFileType = sourcecode.c.objc; path = LBNGraphics.m; sourceTree = "<group>"; };
		C8D40A2216B776240006DF34 /* MapKit.framework */ = {isa = PBXFileReference; lastKnownFileType = wrapper.framework; name = MapKit.framework; path = System/Library/Frameworks/MapKit.framework; sourceTree = SDKROOT; };
		C8ECC01616BF152400881CC8 /* LBNMapViewController.h */ = {isa = PBXFileReference; fileEncoding = 4; lastKnownFileType = sourcecode.c.h; path = LBNMapViewController.h; sourceTree = "<group>"; };
		C8ECC01716BF152400881CC8 /* LBNMapViewController.m */ = {isa = PBXFileReference; fileEncoding = 4; lastKnownFileType = sourcecode.c.objc; path = LBNMapViewController.m; sourceTree = "<group>"; };
/* End PBXFileReference section */

/* Begin PBXFrameworksBuildPhase section */
		C886269B16B49D0200C659CA /* Frameworks */ = {
			isa = PBXFrameworksBuildPhase;
			buildActionMask = 2147483647;
			files = (
				C896452A16C1CE0900EE21E9 /* CoreLocation.framework in Frameworks */,
				C8D40A2316B776240006DF34 /* MapKit.framework in Frameworks */,
				C87E91F716B6E633001D4295 /* Social.framework in Frameworks */,
				C88626A316B49D0200C659CA /* UIKit.framework in Frameworks */,
				C88626A516B49D0200C659CA /* Foundation.framework in Frameworks */,
				C88626A716B49D0200C659CA /* CoreGraphics.framework in Frameworks */,
			);
			runOnlyForDeploymentPostprocessing = 0;
		};
/* End PBXFrameworksBuildPhase section */

/* Begin PBXGroup section */
		C886269316B49D0200C659CA = {
			isa = PBXGroup;
			children = (
				C88626A816B49D0200C659CA /* Nerv */,
				C88626A116B49D0200C659CA /* Frameworks */,
				C886269F16B49D0200C659CA /* Products */,
			);
			sourceTree = "<group>";
		};
		C886269F16B49D0200C659CA /* Products */ = {
			isa = PBXGroup;
			children = (
				C886269E16B49D0200C659CA /* Nerv.app */,
			);
			name = Products;
			sourceTree = "<group>";
		};
		C88626A116B49D0200C659CA /* Frameworks */ = {
			isa = PBXGroup;
			children = (
				C896452916C1CE0900EE21E9 /* CoreLocation.framework */,
				C8D40A2216B776240006DF34 /* MapKit.framework */,
				C87E91F616B6E633001D4295 /* Social.framework */,
				C88626A216B49D0200C659CA /* UIKit.framework */,
				C88626A416B49D0200C659CA /* Foundation.framework */,
				C88626A616B49D0200C659CA /* CoreGraphics.framework */,
			);
			name = Frameworks;
			sourceTree = "<group>";
		};
		C88626A816B49D0200C659CA /* Nerv */ = {
			isa = PBXGroup;
			children = (
				C8BBD30116BE8ECD00E6609D /* LBNGraphics.h */,
				C8BBD30216BE8ECD00E6609D /* LBNGraphics.m */,
				C88626BA16B49D0200C659CA /* MainStoryboard.storyboard */,
				C88626D016B49DE500C659CA /* ExternalLibraries */,
				C88626CC16B49D5100C659CA /* Images */,
				C88626CB16B49D3000C659CA /* Model */,
				C88626CA16B49D2800C659CA /* ViewControllers */,
				C88626C916B49D2200C659CA /* Views */,
				C88626B116B49D0200C659CA /* LBNAppDelegate.h */,
				C88626B216B49D0200C659CA /* LBNAppDelegate.m */,
				C88626A916B49D0200C659CA /* Supporting Files */,
				C896452616C1CACA00EE21E9 /* LBNMapAnnotation.h */,
				C896452716C1CACA00EE21E9 /* LBNMapAnnotation.m */,
			);
			path = Nerv;
			sourceTree = "<group>";
		};
		C88626A916B49D0200C659CA /* Supporting Files */ = {
			isa = PBXGroup;
			children = (
				C88626AA16B49D0200C659CA /* Nerv-Info.plist */,
				C88626AB16B49D0200C659CA /* InfoPlist.strings */,
				C88626AE16B49D0200C659CA /* main.m */,
				C88626B016B49D0200C659CA /* Nerv-Prefix.pch */,
				C88626B416B49D0200C659CA /* Default.png */,
				C88626B616B49D0200C659CA /* Default@2x.png */,
				C88626B816B49D0200C659CA /* Default-568h@2x.png */,
			);
			name = "Supporting Files";
			sourceTree = "<group>";
		};
		C88626C916B49D2200C659CA /* Views */ = {
			isa = PBXGroup;
			children = (
				C88626FC16B4A69200C659CA /* LBNLargeImageCollectionViewCell.h */,
				C88626FD16B4A69200C659CA /* LBNLargeImageCollectionViewCell.m */,
				C88626FF16B4A6BF00C659CA /* LBNLabelCollectionViewCell.h */,
				C886270016B4A6BF00C659CA /* LBNLabelCollectionViewCell.m */,
				C861B67816C46D9200F29A44 /* LBNTweetView.h */,
				C861B67916C46D9200F29A44 /* LBNTweetView.m */,
			);
			name = Views;
			sourceTree = "<group>";
		};
		C88626CA16B49D2800C659CA /* ViewControllers */ = {
			isa = PBXGroup;
			children = (
				C88626F916B4A63900C659CA /* LBNNewsCollectionViewController.h */,
				C88626FA16B4A63900C659CA /* LBNNewsCollectionViewController.m */,
				C8ECC01616BF152400881CC8 /* LBNMapViewController.h */,
				C8ECC01716BF152400881CC8 /* LBNMapViewController.m */,
				C896452B16C1D4BD00EE21E9 /* LBNNewsDetailViewController.h */,
				C896452C16C1D4BD00EE21E9 /* LBNNewsDetailViewController.m */,
			);
			name = ViewControllers;
			sourceTree = "<group>";
		};
		C88626CB16B49D3000C659CA /* Model */ = {
			isa = PBXGroup;
			children = (
				C87E91F816B6EDD8001D4295 /* LBNTwitterClient.h */,
				C87E91F916B6EDD8001D4295 /* LBNTwitterClient.m */,
			);
			name = Model;
			sourceTree = "<group>";
		};
		C88626CC16B49D5100C659CA /* Images */ = {
			isa = PBXGroup;
			children = (
				C85A6EE416BE9CEA00EAFAE4 /* NervBackground2.png */,
				C85A6EE216BE9BA300EAFAE4 /* NervBackground1.png */,
			);
			name = Images;
			sourceTree = "<group>";
		};
		C88626D016B49DE500C659CA /* ExternalLibraries */ = {
			isa = PBXGroup;
			children = (
				C88626D116B49E4300C659CA /* AFNetworking */,
			);
			name = ExternalLibraries;
			sourceTree = "<group>";
		};
		C88626D116B49E4300C659CA /* AFNetworking */ = {
			isa = PBXGroup;
			children = (
				C88626D216B49E4300C659CA /* AFHTTPClient.h */,
				C88626D316B49E4300C659CA /* AFHTTPClient.m */,
				C88626D416B49E4300C659CA /* AFHTTPRequestOperation.h */,
				C88626D516B49E4300C659CA /* AFHTTPRequestOperation.m */,
				C88626D616B49E4300C659CA /* AFImageRequestOperation.h */,
				C88626D716B49E4300C659CA /* AFImageRequestOperation.m */,
				C88626D816B49E4300C659CA /* AFJSONRequestOperation.h */,
				C88626D916B49E4300C659CA /* AFJSONRequestOperation.m */,
				C88626DA16B49E4300C659CA /* AFJSONUtilities.h */,
				C88626DB16B49E4300C659CA /* AFJSONUtilities.m */,
				C88626DC16B49E4300C659CA /* AFNetworkActivityIndicatorManager.h */,
				C88626DD16B49E4300C659CA /* AFNetworkActivityIndicatorManager.m */,
				C88626DE16B49E4300C659CA /* AFNetworking.h */,
				C88626DF16B49E4300C659CA /* AFPropertyListRequestOperation.h */,
				C88626E016B49E4300C659CA /* AFPropertyListRequestOperation.m */,
				C88626E116B49E4300C659CA /* AFURLConnectionOperation.h */,
				C88626E216B49E4300C659CA /* AFURLConnectionOperation.m */,
				C88626E316B49E4300C659CA /* AFXMLRequestOperation.h */,
				C88626E416B49E4300C659CA /* AFXMLRequestOperation.m */,
				C88626E516B49E4300C659CA /* UIImageView+AFNetworking.h */,
				C88626E616B49E4300C659CA /* UIImageView+AFNetworking.m */,
			);
			path = AFNetworking;
			sourceTree = "<group>";
		};
/* End PBXGroup section */

/* Begin PBXNativeTarget section */
		C886269D16B49D0200C659CA /* Nerv */ = {
			isa = PBXNativeTarget;
			buildConfigurationList = C88626C216B49D0200C659CA /* Build configuration list for PBXNativeTarget "Nerv" */;
			buildPhases = (
				C886269A16B49D0200C659CA /* Sources */,
				C886269B16B49D0200C659CA /* Frameworks */,
				C886269C16B49D0200C659CA /* Resources */,
			);
			buildRules = (
			);
			dependencies = (
			);
			name = Nerv;
			productName = Nerv;
			productReference = C886269E16B49D0200C659CA /* Nerv.app */;
			productType = "com.apple.product-type.application";
		};
/* End PBXNativeTarget section */

/* Begin PBXProject section */
		C886269516B49D0200C659CA /* Project object */ = {
			isa = PBXProject;
			attributes = {
				CLASSPREFIX = LBN;
				LastUpgradeCheck = 0450;
				ORGANIZATIONNAME = "Jonathan Long";
			};
			buildConfigurationList = C886269816B49D0200C659CA /* Build configuration list for PBXProject "Nerv" */;
			compatibilityVersion = "Xcode 3.2";
			developmentRegion = English;
			hasScannedForEncodings = 0;
			knownRegions = (
				en,
			);
			mainGroup = C886269316B49D0200C659CA;
			productRefGroup = C886269F16B49D0200C659CA /* Products */;
			projectDirPath = "";
			projectRoot = "";
			targets = (
				C886269D16B49D0200C659CA /* Nerv */,
			);
		};
/* End PBXProject section */

/* Begin PBXResourcesBuildPhase section */
		C886269C16B49D0200C659CA /* Resources */ = {
			isa = PBXResourcesBuildPhase;
			buildActionMask = 2147483647;
			files = (
				C88626AD16B49D0200C659CA /* InfoPlist.strings in Resources */,
				C88626B516B49D0200C659CA /* Default.png in Resources */,
				C88626B716B49D0200C659CA /* Default@2x.png in Resources */,
				C88626B916B49D0200C659CA /* Default-568h@2x.png in Resources */,
				C88626BC16B49D0200C659CA /* MainStoryboard.storyboard in Resources */,
				C85A6EE316BE9BA300EAFAE4 /* NervBackground1.png in Resources */,
				C85A6EE516BE9CEA00EAFAE4 /* NervBackground2.png in Resources */,
			);
			runOnlyForDeploymentPostprocessing = 0;
		};
/* End PBXResourcesBuildPhase section */

/* Begin PBXSourcesBuildPhase section */
		C886269A16B49D0200C659CA /* Sources */ = {
			isa = PBXSourcesBuildPhase;
			buildActionMask = 2147483647;
			files = (
				C88626AF16B49D0200C659CA /* main.m in Sources */,
				C88626B316B49D0200C659CA /* LBNAppDelegate.m in Sources */,
				C88626E716B49E4300C659CA /* AFHTTPClient.m in Sources */,
				C88626E816B49E4300C659CA /* AFHTTPRequestOperation.m in Sources */,
				C88626E916B49E4300C659CA /* AFImageRequestOperation.m in Sources */,
				C88626EA16B49E4300C659CA /* AFJSONRequestOperation.m in Sources */,
				C88626EB16B49E4300C659CA /* AFJSONUtilities.m in Sources */,
				C88626EC16B49E4300C659CA /* AFNetworkActivityIndicatorManager.m in Sources */,
				C88626ED16B49E4300C659CA /* AFPropertyListRequestOperation.m in Sources */,
				C88626EE16B49E4300C659CA /* AFURLConnectionOperation.m in Sources */,
				C88626EF16B49E4300C659CA /* AFXMLRequestOperation.m in Sources */,
				C88626F016B49E4300C659CA /* UIImageView+AFNetworking.m in Sources */,
				C88626FB16B4A63900C659CA /* LBNNewsCollectionViewController.m in Sources */,
				C88626FE16B4A69200C659CA /* LBNLargeImageCollectionViewCell.m in Sources */,
				C886270116B4A6BF00C659CA /* LBNLabelCollectionViewCell.m in Sources */,
				C87E91FA16B6EDD8001D4295 /* LBNTwitterClient.m in Sources */,
				C8BBD30316BE8ECD00E6609D /* LBNGraphics.m in Sources */,
				C8ECC01816BF152400881CC8 /* LBNMapViewController.m in Sources */,
				C896452816C1CACA00EE21E9 /* LBNMapAnnotation.m in Sources */,
				C896452D16C1D4BD00EE21E9 /* LBNNewsDetailViewController.m in Sources */,
				C861B67A16C46D9200F29A44 /* LBNTweetView.m in Sources */,
			);
			runOnlyForDeploymentPostprocessing = 0;
		};
/* End PBXSourcesBuildPhase section */

/* Begin PBXVariantGroup section */
		C88626AB16B49D0200C659CA /* InfoPlist.strings */ = {
			isa = PBXVariantGroup;
			children = (
				C88626AC16B49D0200C659CA /* en */,
			);
			name = InfoPlist.strings;
			sourceTree = "<group>";
		};
		C88626BA16B49D0200C659CA /* MainStoryboard.storyboard */ = {
			isa = PBXVariantGroup;
			children = (
				C88626BB16B49D0200C659CA /* en */,
			);
			name = MainStoryboard.storyboard;
			sourceTree = "<group>";
		};
/* End PBXVariantGroup section */

/* Begin XCBuildConfiguration section */
		C88626C016B49D0200C659CA /* Debug */ = {
			isa = XCBuildConfiguration;
			buildSettings = {
				ALWAYS_SEARCH_USER_PATHS = NO;
				CLANG_CXX_LANGUAGE_STANDARD = "gnu++0x";
				CLANG_CXX_LIBRARY = "libc++";
				CLANG_ENABLE_OBJC_ARC = YES;
				CLANG_WARN_EMPTY_BODY = YES;
				CLANG_WARN__DUPLICATE_METHOD_MATCH = YES;
				"CODE_SIGN_IDENTITY[sdk=iphoneos*]" = "iPhone Developer";
				COPY_PHASE_STRIP = NO;
				GCC_C_LANGUAGE_STANDARD = gnu99;
				GCC_DYNAMIC_NO_PIC = NO;
				GCC_OPTIMIZATION_LEVEL = 0;
				GCC_PREPROCESSOR_DEFINITIONS = (
					"DEBUG=1",
					"$(inherited)",
				);
				GCC_SYMBOLS_PRIVATE_EXTERN = NO;
				GCC_WARN_ABOUT_RETURN_TYPE = YES;
				GCC_WARN_UNINITIALIZED_AUTOS = YES;
				GCC_WARN_UNUSED_VARIABLE = YES;
				IPHONEOS_DEPLOYMENT_TARGET = 6.0;
				ONLY_ACTIVE_ARCH = YES;
				SDKROOT = iphoneos;
			};
			name = Debug;
		};
		C88626C116B49D0200C659CA /* Release */ = {
			isa = XCBuildConfiguration;
			buildSettings = {
				ALWAYS_SEARCH_USER_PATHS = NO;
				CLANG_CXX_LANGUAGE_STANDARD = "gnu++0x";
				CLANG_CXX_LIBRARY = "libc++";
				CLANG_ENABLE_OBJC_ARC = YES;
				CLANG_WARN_EMPTY_BODY = YES;
				CLANG_WARN__DUPLICATE_METHOD_MATCH = YES;
				"CODE_SIGN_IDENTITY[sdk=iphoneos*]" = "iPhone Developer";
				COPY_PHASE_STRIP = YES;
				GCC_C_LANGUAGE_STANDARD = gnu99;
				GCC_WARN_ABOUT_RETURN_TYPE = YES;
				GCC_WARN_UNINITIALIZED_AUTOS = YES;
				GCC_WARN_UNUSED_VARIABLE = YES;
				IPHONEOS_DEPLOYMENT_TARGET = 6.0;
				OTHER_CFLAGS = "-DNS_BLOCK_ASSERTIONS=1";
				SDKROOT = iphoneos;
				VALIDATE_PRODUCT = YES;
			};
			name = Release;
		};
		C88626C316B49D0200C659CA /* Debug */ = {
			isa = XCBuildConfiguration;
			buildSettings = {
				GCC_PRECOMPILE_PREFIX_HEADER = YES;
				GCC_PREFIX_HEADER = "Nerv/Nerv-Prefix.pch";
				INFOPLIST_FILE = "Nerv/Nerv-Info.plist";
				PRODUCT_NAME = "$(TARGET_NAME)";
				WRAPPER_EXTENSION = app;
			};
			name = Debug;
		};
		C88626C416B49D0200C659CA /* Release */ = {
			isa = XCBuildConfiguration;
			buildSettings = {
				GCC_PRECOMPILE_PREFIX_HEADER = YES;
				GCC_PREFIX_HEADER = "Nerv/Nerv-Prefix.pch";
				INFOPLIST_FILE = "Nerv/Nerv-Info.plist";
				PRODUCT_NAME = "$(TARGET_NAME)";
				WRAPPER_EXTENSION = app;
			};
			name = Release;
		};
/* End XCBuildConfiguration section */

/* Begin XCConfigurationList section */
		C886269816B49D0200C659CA /* Build configuration list for PBXProject "Nerv" */ = {
			isa = XCConfigurationList;
			buildConfigurations = (
				C88626C016B49D0200C659CA /* Debug */,
				C88626C116B49D0200C659CA /* Release */,
			);
			defaultConfigurationIsVisible = 0;
			defaultConfigurationName = Release;
		};
		C88626C216B49D0200C659CA /* Build configuration list for PBXNativeTarget "Nerv" */ = {
			isa = XCConfigurationList;
			buildConfigurations = (
				C88626C316B49D0200C659CA /* Debug */,
				C88626C416B49D0200C659CA /* Release */,
			);
			defaultConfigurationIsVisible = 0;
			defaultConfigurationName = Release;
		};
/* End XCConfigurationList section */
	};
	rootObject = C886269516B49D0200C659CA /* Project object */;
}
